
Microsoft Visual Studio Solution File, Format Version 12.00
# Visual Studio Version 16
VisualStudioVersion = 16.0.30011.22
MinimumVisualStudioVersion = 10.0.40219.1
Project("{FAE04EC0-301F-11D3-BF4B-00C04F79EFBC}") = "JwtAuthenticationDemo", "JwtAuthenticationDemo\JwtAuthenticationDemo.csproj", "{40FAAE74-DD16-41D7-B854-DBC1026C824B}"
EndProject
Global
	GlobalSection(SolutionConfigurationPlatforms) = preSolution
		Debug|Any CPU = Debug|Any CPU
		Release|Any CPU = Release|Any CPU
	EndGlobalSection
	GlobalSection(ProjectConfigurationPlatforms) = postSolution
		{40FAAE74-DD16-41D7-B854-DBC1026C824B}.Debug|Any CPU.ActiveCfg = Debug|Any CPU
		{40FAAE74-DD16-41D7-B854-DBC1026C824B}.Debug|Any CPU.Build.0 = Debug|Any CPU
		{40FAAE74-DD16-41D7-B854-DBC1026C824B}.Release|Any CPU.ActiveCfg = Release|Any CPU
		{40FAAE74-DD16-41D7-B854-DBC1026C824B}.Release|Any CPU.Build.0 = Release|Any CPU
	EndGlobalSection
	GlobalSection(SolutionProperties) = preSolution
		HideSolutionNode = FALSE
	EndGlobalSection
	GlobalSection(ExtensibilityGlobals) = postSolution
		SolutionGuid = {7DBC30EA-A3AE-4A0B-81F8-AB4871FE6C95}
	EndGlobalSection
EndGlobal
